{
  "nodes": {
    "flake-utils": {
      "locked": {
        "lastModified": 1667395993,
        "narHash": "sha256-nuEHfE/LcWyuSWnS8t12N1wc105Qtau+/OdUAjtQ0rA=",
        "owner": "numtide",
        "repo": "flake-utils",
        "rev": "5aed5285a952e0b949eb3ba02c12fa4fcfef535f",
        "type": "github"
      },
      "original": {
        "owner": "numtide",
        "repo": "flake-utils",
        "type": "github"
      }
    },
    "neovim": {
      "inputs": {
        "flake-utils": "flake-utils",
        "nixpkgs": [
          "nixpkgs"
        ]
      },
      "locked": {
        "dir": "contrib",
        "lastModified": 1696883897,
        "narHash": "sha256-Lyo98cAs7Zhx23N4s4f3zpWFKYJMmXleWpt3wiVDQZo=",
        "owner": "neovim",
        "repo": "neovim",
        "rev": "d772f697a281ce9c58bf933997b87c7f27428a60",
        "type": "github"
      },
      "original": {
        "dir": "contrib",
        "owner": "neovim",
        "ref": "stable",
        "repo": "neovim",
        "type": "github"
      }
    },
    "nixpkgs": {
      "locked": {
        "lastModified": 1700108881,
        "narHash": "sha256-+Lqybl8kj0+nD/IlAWPPG/RDTa47gff9nbei0u7BntE=",
        "owner": "NixOS",
        "repo": "nixpkgs",
        "rev": "7414e9ee0b3e9903c24d3379f577a417f0aae5f1",
        "type": "github"
      },
      "original": {
        "owner": "NixOS",
        "ref": "nixpkgs-unstable",
        "repo": "nixpkgs",
        "type": "github"
      }
    },
    "root": {
      "inputs": {
        "neovim": "neovim",
        "nixpkgs": "nixpkgs"
      }
    }
  },
  "root": "root",
  "version": 7
}
